
Microsoft Visual Studio Solution File, Format Version 11.00
# Visual Studio 2010
Project("{888888A0-9F3D-457C-B088-3A5042F75D52}") = "TG.Core", "TG.Core\TG.Core.pyproj", "{A89D6667-C836-454D-A6B6-FA3ECDDDEEDC}"
EndProject
Project("{FAE04EC0-301F-11D3-BF4B-00C04F79EFBC}") = "TG.UI", "TG.UI\TG.UI.csproj", "{F729529A-885B-45CB-A4F3-F356FB76E4C9}"
EndProject
Project("{FAE04EC0-301F-11D3-BF4B-00C04F79EFBC}") = "TG.Model", "TG.Model\TG.Model.csproj", "{B0DD3717-2DF0-41EA-B768-E158DEB1A69C}"
EndProject
Project("{FAE04EC0-301F-11D3-BF4B-00C04F79EFBC}") = "TG.Test", "TG.Test\TG.Test.csproj", "{ACC9983B-E44A-43B1-9425-FB2DEDD73FA9}"
EndProject
Project("{2150E333-8FDC-42A3-9474-1A3956D46DE8}") = "Solution Items", "Solution Items", "{231E34BC-0C4A-4196-A31B-ADF41E928811}"
	ProjectSection(SolutionItems) = preProject
		Local.testsettings = Local.testsettings
		TG1.vsmdi = TG1.vsmdi
		TraceAndTestImpact.testsettings = TraceAndTestImpact.testsettings
	EndProjectSection
EndProject
Global
	GlobalSection(TestCaseManagementSettings) = postSolution
		CategoryFile = TG1.vsmdi
	EndGlobalSection
	GlobalSection(SolutionConfigurationPlatforms) = preSolution
		Debug|Any CPU = Debug|Any CPU
		Debug|Mixed Platforms = Debug|Mixed Platforms
		Debug|x86 = Debug|x86
		Release|Any CPU = Release|Any CPU
		Release|Mixed Platforms = Release|Mixed Platforms
		Release|x86 = Release|x86
	EndGlobalSection
	GlobalSection(ProjectConfigurationPlatforms) = postSolution
		{A89D6667-C836-454D-A6B6-FA3ECDDDEEDC}.Debug|Any CPU.ActiveCfg = Debug|Any CPU
		{A89D6667-C836-454D-A6B6-FA3ECDDDEEDC}.Debug|Any CPU.Build.0 = Debug|Any CPU
		{A89D6667-C836-454D-A6B6-FA3ECDDDEEDC}.Debug|Mixed Platforms.ActiveCfg = Debug|Any CPU
		{A89D6667-C836-454D-A6B6-FA3ECDDDEEDC}.Debug|Mixed Platforms.Build.0 = Debug|Any CPU
		{A89D6667-C836-454D-A6B6-FA3ECDDDEEDC}.Debug|x86.ActiveCfg = Debug|Any CPU
		{A89D6667-C836-454D-A6B6-FA3ECDDDEEDC}.Release|Any CPU.ActiveCfg = Release|Any CPU
		{A89D6667-C836-454D-A6B6-FA3ECDDDEEDC}.Release|Any CPU.Build.0 = Release|Any CPU
		{A89D6667-C836-454D-A6B6-FA3ECDDDEEDC}.Release|Mixed Platforms.ActiveCfg = Release|Any CPU
		{A89D6667-C836-454D-A6B6-FA3ECDDDEEDC}.Release|Mixed Platforms.Build.0 = Release|Any CPU
		{A89D6667-C836-454D-A6B6-FA3ECDDDEEDC}.Release|x86.ActiveCfg = Release|Any CPU
		{F729529A-885B-45CB-A4F3-F356FB76E4C9}.Debug|Any CPU.ActiveCfg = Debug|x86
		{F729529A-885B-45CB-A4F3-F356FB76E4C9}.Debug|Mixed Platforms.ActiveCfg = Debug|x86
		{F729529A-885B-45CB-A4F3-F356FB76E4C9}.Debug|Mixed Platforms.Build.0 = Debug|x86
		{F729529A-885B-45CB-A4F3-F356FB76E4C9}.Debug|x86.ActiveCfg = Debug|x86
		{F729529A-885B-45CB-A4F3-F356FB76E4C9}.Debug|x86.Build.0 = Debug|x86
		{F729529A-885B-45CB-A4F3-F356FB76E4C9}.Release|Any CPU.ActiveCfg = Release|x86
		{F729529A-885B-45CB-A4F3-F356FB76E4C9}.Release|Mixed Platforms.ActiveCfg = Release|x86
		{F729529A-885B-45CB-A4F3-F356FB76E4C9}.Release|Mixed Platforms.Build.0 = Release|x86
		{F729529A-885B-45CB-A4F3-F356FB76E4C9}.Release|x86.ActiveCfg = Release|x86
		{F729529A-885B-45CB-A4F3-F356FB76E4C9}.Release|x86.Build.0 = Release|x86
		{B0DD3717-2DF0-41EA-B768-E158DEB1A69C}.Debug|Any CPU.ActiveCfg = Debug|Any CPU
		{B0DD3717-2DF0-41EA-B768-E158DEB1A69C}.Debug|Any CPU.Build.0 = Debug|Any CPU
		{B0DD3717-2DF0-41EA-B768-E158DEB1A69C}.Debug|Mixed Platforms.ActiveCfg = Debug|Any CPU
		{B0DD3717-2DF0-41EA-B768-E158DEB1A69C}.Debug|Mixed Platforms.Build.0 = Debug|Any CPU
		{B0DD3717-2DF0-41EA-B768-E158DEB1A69C}.Debug|x86.ActiveCfg = Debug|Any CPU
		{B0DD3717-2DF0-41EA-B768-E158DEB1A69C}.Release|Any CPU.ActiveCfg = Release|Any CPU
		{B0DD3717-2DF0-41EA-B768-E158DEB1A69C}.Release|Any CPU.Build.0 = Release|Any CPU
		{B0DD3717-2DF0-41EA-B768-E158DEB1A69C}.Release|Mixed Platforms.ActiveCfg = Release|Any CPU
		{B0DD3717-2DF0-41EA-B768-E158DEB1A69C}.Release|Mixed Platforms.Build.0 = Release|Any CPU
		{B0DD3717-2DF0-41EA-B768-E158DEB1A69C}.Release|x86.ActiveCfg = Release|Any CPU
		{ACC9983B-E44A-43B1-9425-FB2DEDD73FA9}.Debug|Any CPU.ActiveCfg = Debug|Any CPU
		{ACC9983B-E44A-43B1-9425-FB2DEDD73FA9}.Debug|Any CPU.Build.0 = Debug|Any CPU
		{ACC9983B-E44A-43B1-9425-FB2DEDD73FA9}.Debug|Mixed Platforms.ActiveCfg = Debug|Any CPU
		{ACC9983B-E44A-43B1-9425-FB2DEDD73FA9}.Debug|Mixed Platforms.Build.0 = Debug|Any CPU
		{ACC9983B-E44A-43B1-9425-FB2DEDD73FA9}.Debug|x86.ActiveCfg = Debug|Any CPU
		{ACC9983B-E44A-43B1-9425-FB2DEDD73FA9}.Release|Any CPU.ActiveCfg = Release|Any CPU
		{ACC9983B-E44A-43B1-9425-FB2DEDD73FA9}.Release|Any CPU.Build.0 = Release|Any CPU
		{ACC9983B-E44A-43B1-9425-FB2DEDD73FA9}.Release|Mixed Platforms.ActiveCfg = Release|Any CPU
		{ACC9983B-E44A-43B1-9425-FB2DEDD73FA9}.Release|Mixed Platforms.Build.0 = Release|Any CPU
		{ACC9983B-E44A-43B1-9425-FB2DEDD73FA9}.Release|x86.ActiveCfg = Release|Any CPU
	EndGlobalSection
	GlobalSection(SolutionProperties) = preSolution
		HideSolutionNode = FALSE
	EndGlobalSection
EndGlobal
